
Microsoft Visual Studio Solution File, Format Version 12.00
# Visual Studio 15
VisualStudioVersion = 15.0.27130.2010
MinimumVisualStudioVersion = 10.0.40219.1
Project("{FAE04EC0-301F-11D3-BF4B-00C04F79EFBC}") = "bot.ConsoleClient", "bot.ConsoleClient\bot.ConsoleClient.csproj", "{92B89BF5-43B6-4C22-A9F1-5293B2FBC16F}"
EndProject
Global
	GlobalSection(SolutionConfigurationPlatforms) = preSolution
		Debug|Any CPU = Debug|Any CPU
		Release|Any CPU = Release|Any CPU
	EndGlobalSection
	GlobalSection(ProjectConfigurationPlatforms) = postSolution
		{92B89BF5-43B6-4C22-A9F1-5293B2FBC16F}.Debug|Any CPU.ActiveCfg = Debug|Any CPU
		{92B89BF5-43B6-4C22-A9F1-5293B2FBC16F}.Debug|Any CPU.Build.0 = Debug|Any CPU
		{92B89BF5-43B6-4C22-A9F1-5293B2FBC16F}.Release|Any CPU.ActiveCfg = Release|Any CPU
		{92B89BF5-43B6-4C22-A9F1-5293B2FBC16F}.Release|Any CPU.Build.0 = Release|Any CPU
	EndGlobalSection
	GlobalSection(SolutionProperties) = preSolution
		HideSolutionNode = FALSE
	EndGlobalSection
	GlobalSection(ExtensibilityGlobals) = postSolution
		SolutionGuid = {F45D7804-32E8-43A6-9F85-5038F763A8AE}
	EndGlobalSection
EndGlobal
